// !$*UTF8*$!
{
	archiveVersion = 1;
	classes = {
	};
	objectVersion = 46;
	objects = {

/* Begin PBXBuildFile section */
		9049B60C1DC44408004486F9 /* main.m in Sources */ = {isa = PBXBuildFile; fileRef = 9049B60B1DC44408004486F9 /* main.m */; };
		9049B60F1DC44408004486F9 /* AppDelegate.m in Sources */ = {isa = PBXBuildFile; fileRef = 9049B60E1DC44408004486F9 /* AppDelegate.m */; };
		9049B6121DC44408004486F9 /* ViewController.m in Sources */ = {isa = PBXBuildFile; fileRef = 9049B6111DC44408004486F9 /* ViewController.m */; };
		9049B6151DC44408004486F9 /* Main.storyboard in Resources */ = {isa = PBXBuildFile; fileRef = 9049B6131DC44408004486F9 /* Main.storyboard */; };
		9049B6171DC44408004486F9 /* Assets.xcassets in Resources */ = {isa = PBXBuildFile; fileRef = 9049B6161DC44408004486F9 /* Assets.xcassets */; };
		9049B61A1DC44408004486F9 /* LaunchScreen.storyboard in Resources */ = {isa = PBXBuildFile; fileRef = 9049B6181DC44408004486F9 /* LaunchScreen.storyboard */; };
/* End PBXBuildFile section */

/* Begin PBXFileReference section */
		9049B6071DC44408004486F9 /* llll.app */ = {isa = PBXFileReference; explicitFileType = wrapper.application; includeInIndex = 0; path = llll.app; sourceTree = BUILT_PRODUCTS_DIR; };
		9049B60B1DC44408004486F9 /* main.m */ = {isa = PBXFileReference; lastKnownFileType = sourcecode.c.objc; path = main.m; sourceTree = "<group>"; };
		9049B60D1DC44408004486F9 /* AppDelegate.h */ = {isa = PBXFileReference; lastKnownFileType = sourcecode.c.h; path = AppDelegate.h; sourceTree = "<group>"; };
		9049B60E1DC44408004486F9 /* AppDelegate.m */ = {isa = PBXFileReference; lastKnownFileType = sourcecode.c.objc; path = AppDelegate.m; sourceTree = "<group>"; };
		9049B6101DC44408004486F9 /* ViewController.h */ = {isa = PBXFileReference; lastKnownFileType = sourcecode.c.h; path = ViewController.h; sourceTree = "<group>"; };
		9049B6111DC44408004486F9 /* ViewController.m */ = {isa = PBXFileReference; lastKnownFileType = sourcecode.c.objc; path = ViewController.m; sourceTree = "<group>"; };
		9049B6141DC44408004486F9 /* Base */ = {isa = PBXFileReference; lastKnownFileType = file.storyboard; name = Base; path = Base.lproj/Main.storyboard; sourceTree = "<group>"; };
		9049B6161DC44408004486F9 /* Assets.xcassets */ = {isa = PBXFileReference; lastKnownFileType = folder.assetcatalog; path = Assets.xcassets; sourceTree = "<group>"; };
		9049B6191DC44408004486F9 /* Base */ = {isa = PBXFileReference; lastKnownFileType = file.storyboard; name = Base; path = Base.lproj/LaunchScreen.storyboard; sourceTree = "<group>"; };
		9049B61B1DC44408004486F9 /* Info.plist */ = {isa = PBXFileReference; lastKnownFileType = text.plist.xml; path = Info.plist; sourceTree = "<group>"; };
/* End PBXFileReference section */

/* Begin PBXFrameworksBuildPhase section */
		9049B6041DC44407004486F9 /* Frameworks */ = {
			isa = PBXFrameworksBuildPhase;
			buildActionMask = 2147483647;
			files = (
			);
			runOnlyForDeploymentPostprocessing = 0;
		};
/* End PBXFrameworksBuildPhase section */

/* Begin PBXGroup section */
		9049B5FE1DC44407004486F9 = {
			isa = PBXGroup;
			children = (
				9049B6091DC44408004486F9 /* llll */,
				9049B6081DC44408004486F9 /* Products */,
			);
			sourceTree = "<group>";
		};
		9049B6081DC44408004486F9 /* Products */ = {
			isa = PBXGroup;
			children = (
				9049B6071DC44408004486F9 /* llll.app */,
			);
			name = Products;
			sourceTree = "<group>";
		};
		9049B6091DC44408004486F9 /* llll */ = {
			isa = PBXGroup;
			children = (
				9049B60D1DC44408004486F9 /* AppDelegate.h */,
				9049B60E1DC44408004486F9 /* AppDelegate.m */,
				9049B6101DC44408004486F9 /* ViewController.h */,
				9049B6111DC44408004486F9 /* ViewController.m */,
				9049B6131DC44408004486F9 /* Main.storyboard */,
				9049B6161DC44408004486F9 /* Assets.xcassets */,
				9049B6181DC44408004486F9 /* LaunchScreen.storyboard */,
				9049B61B1DC44408004486F9 /* Info.plist */,
				9049B60A1DC44408004486F9 /* Supporting Files */,
			);
			path = llll;
			sourceTree = "<group>";
		};
		9049B60A1DC44408004486F9 /* Supporting Files */ = {
			isa = PBXGroup;
			children = (
				9049B60B1DC44408004486F9 /* main.m */,
			);
			name = "Supporting Files";
			sourceTree = "<group>";
		};
/* End PBXGroup section */

/* Begin PBXNativeTarget section */
		9049B6061DC44407004486F9 /* llll */ = {
			isa = PBXNativeTarget;
			buildConfigurationList = 9049B61E1DC44408004486F9 /* Build configuration list for PBXNativeTarget "llll" */;
			buildPhases = (
				9049B6031DC44407004486F9 /* Sources */,
				9049B6041DC44407004486F9 /* Frameworks */,
				9049B6051DC44407004486F9 /* Resources */,
			);
			buildRules = (
			);
			dependencies = (
			);
			name = llll;
			productName = llll;
			productReference = 9049B6071DC44408004486F9 /* llll.app */;
			productType = "com.apple.product-type.application";
		};
/* End PBXNativeTarget section */

/* Begin PBXProject section */
		9049B5FF1DC44407004486F9 /* Project object */ = {
			isa = PBXProject;
			attributes = {
				LastUpgradeCheck = 0810;
				ORGANIZATIONNAME = "蒋豪";
				TargetAttributes = {
					9049B6061DC44407004486F9 = {
						CreatedOnToolsVersion = 8.1;
						ProvisioningStyle = Automatic;
					};
				};
			};
			buildConfigurationList = 9049B6021DC44407004486F9 /* Build configuration list for PBXProject "llll" */;
			compatibilityVersion = "Xcode 3.2";
			developmentRegion = English;
			hasScannedForEncodings = 0;
			knownRegions = (
				en,
				Base,
			);
			mainGroup = 9049B5FE1DC44407004486F9;
			productRefGroup = 9049B6081DC44408004486F9 /* Products */;
			projectDirPath = "";
			projectRoot = "";
			targets = (
				9049B6061DC44407004486F9 /* llll */,
			);
		};
/* End PBXProject section */

/* Begin PBXResourcesBuildPhase section */
		9049B6051DC44407004486F9 /* Resources */ = {
			isa = PBXResourcesBuildPhase;
			buildActionMask = 2147483647;
			files = (
				9049B61A1DC44408004486F9 /* LaunchScreen.storyboard in Resources */,
				9049B6171DC44408004486F9 /* Assets.xcassets in Resources */,
				9049B6151DC44408004486F9 /* Main.storyboard in Resources */,
			);
			runOnlyForDeploymentPostprocessing = 0;
		};
/* End PBXResourcesBuildPhase section */

/* Begin PBXSourcesBuildPhase section */
		9049B6031DC44407004486F9 /* Sources */ = {
			isa = PBXSourcesBuildPhase;
			buildActionMask = 2147483647;
			files = (
				9049B6121DC44408004486F9 /* ViewController.m in Sources */,
				9049B60F1DC44408004486F9 /* AppDelegate.m in Sources */,
				9049B60C1DC44408004486F9 /* main.m in Sources */,
			);
			runOnlyForDeploymentPostprocessing = 0;
		};
/* End PBXSourcesBuildPhase section */

/* Begin PBXVariantGroup section */
		9049B6131DC44408004486F9 /* Main.storyboard */ = {
			isa = PBXVariantGroup;
			children = (
				9049B6141DC44408004486F9 /* Base */,
			);
			name = Main.storyboard;
			sourceTree = "<group>";
		};
		9049B6181DC44408004486F9 /* LaunchScreen.storyboard */ = {
			isa = PBXVariantGroup;
			children = (
				9049B6191DC44408004486F9 /* Base */,
			);
			name = LaunchScreen.storyboard;
			sourceTree = "<group>";
		};
/* End PBXVariantGroup section */

/* Begin XCBuildConfiguration section */
		9049B61C1DC44408004486F9 /* Debug */ = {
			isa = XCBuildConfiguration;
			buildSettings = {
				ALWAYS_SEARCH_USER_PATHS = NO;
				CLANG_ANALYZER_NONNULL = YES;
				CLANG_CXX_LANGUAGE_STANDARD = "gnu++0x";
				CLANG_CXX_LIBRARY = "libc++";
				CLANG_ENABLE_MODULES = YES;
				CLANG_ENABLE_OBJC_ARC = YES;
				CLANG_WARN_BOOL_CONVERSION = YES;
				CLANG_WARN_CONSTANT_CONVERSION = YES;
				CLANG_WARN_DIRECT_OBJC_ISA_USAGE = YES_ERROR;
				CLANG_WARN_DOCUMENTATION_COMMENTS = YES;
				CLANG_WARN_EMPTY_BODY = YES;
				CLANG_WARN_ENUM_CONVERSION = YES;
				CLANG_WARN_INFINITE_RECURSION = YES;
				CLANG_WARN_INT_CONVERSION = YES;
				CLANG_WARN_OBJC_ROOT_CLASS = YES_ERROR;
				CLANG_WARN_SUSPICIOUS_MOVES = YES;
				CLANG_WARN_UNREACHABLE_CODE = YES;
				CLANG_WARN__DUPLICATE_METHOD_MATCH = YES;
				"CODE_SIGN_IDENTITY[sdk=iphoneos*]" = "iPhone Developer";
				COPY_PHASE_STRIP = NO;
				DEBUG_INFORMATION_FORMAT = dwarf;
				ENABLE_STRICT_OBJC_MSGSEND = YES;
				ENABLE_TESTABILITY = YES;
				GCC_C_LANGUAGE_STANDARD = gnu99;
				GCC_DYNAMIC_NO_PIC = NO;
				GCC_NO_COMMON_BLOCKS = YES;
				GCC_OPTIMIZATION_LEVEL = 0;
				GCC_PREPROCESSOR_DEFINITIONS = (
					"DEBUG=1",
					"$(inherited)",
				);
				GCC_WARN_64_TO_32_BIT_CONVERSION = YES;
				GCC_WARN_ABOUT_RETURN_TYPE = YES_ERROR;
				GCC_WARN_UNDECLARED_SELECTOR = YES;
				GCC_WARN_UNINITIALIZED_AUTOS = YES_AGGRESSIVE;
				GCC_WARN_UNUSED_FUNCTION = YES;
				GCC_WARN_UNUSED_VARIABLE = YES;
				IPHONEOS_DEPLOYMENT_TARGET = 10.1;
				MTL_ENABLE_DEBUG_INFO = YES;
				ONLY_ACTIVE_ARCH = YES;
				SDKROOT = iphoneos;
			};
			name = Debug;
		};
		9049B61D1DC44408004486F9 /* Release */ = {
			isa = XCBuildConfiguration;
			buildSettings = {
				ALWAYS_SEARCH_USER_PATHS = NO;
				CLANG_ANALYZER_NONNULL = YES;
				CLANG_CXX_LANGUAGE_STANDARD = "gnu++0x";
				CLANG_CXX_LIBRARY = "libc++";
				CLANG_ENABLE_MODULES = YES;
				CLANG_ENABLE_OBJC_ARC = YES;
				CLANG_WARN_BOOL_CONVERSION = YES;
				CLANG_WARN_CONSTANT_CONVERSION = YES;
				CLANG_WARN_DIRECT_OBJC_ISA_USAGE = YES_ERROR;
				CLANG_WARN_DOCUMENTATION_COMMENTS = YES;
				CLANG_WARN_EMPTY_BODY = YES;
				CLANG_WARN_ENUM_CONVERSION = YES;
				CLANG_WARN_INFINITE_RECURSION = YES;
				CLANG_WARN_INT_CONVERSION = YES;
				CLANG_WARN_OBJC_ROOT_CLASS = YES_ERROR;
				CLANG_WARN_SUSPICIOUS_MOVES = YES;
				CLANG_WARN_UNREACHABLE_CODE = YES;
				CLANG_WARN__DUPLICATE_METHOD_MATCH = YES;
				"CODE_SIGN_IDENTITY[sdk=iphoneos*]" = "iPhone Developer";
				COPY_PHASE_STRIP = NO;
				DEBUG_INFORMATION_FORMAT = "dwarf-with-dsym";
				ENABLE_NS_ASSERTIONS = NO;
				ENABLE_STRICT_OBJC_MSGSEND = YES;
				GCC_C_LANGUAGE_STANDARD = gnu99;
				GCC_NO_COMMON_BLOCKS = YES;
				GCC_WARN_64_TO_32_BIT_CONVERSION = YES;
				GCC_WARN_ABOUT_RETURN_TYPE = YES_ERROR;
				GCC_WARN_UNDECLARED_SELECTOR = YES;
				GCC_WARN_UNINITIALIZED_AUTOS = YES_AGGRESSIVE;
				GCC_WARN_UNUSED_FUNCTION = YES;
				GCC_WARN_UNUSED_VARIABLE = YES;
				IPHONEOS_DEPLOYMENT_TARGET = 10.1;
				MTL_ENABLE_DEBUG_INFO = NO;
				SDKROOT = iphoneos;
				VALIDATE_PRODUCT = YES;
			};
			name = Release;
		};
		9049B61F1DC44408004486F9 /* Debug */ = {
			isa = XCBuildConfiguration;
			buildSettings = {
				ASSETCATALOG_COMPILER_APPICON_NAME = AppIcon;
				INFOPLIST_FILE = llll/Info.plist;
				LD_RUNPATH_SEARCH_PATHS = "$(inherited) @executable_path/Frameworks";
				PRODUCT_BUNDLE_IDENTIFIER = www.yonyou.llll;
				PRODUCT_NAME = "$(TARGET_NAME)";
			};
			name = Debug;
		};
		9049B6201DC44408004486F9 /* Release */ = {
			isa = XCBuildConfiguration;
			buildSettings = {
				ASSETCATALOG_COMPILER_APPICON_NAME = AppIcon;
				INFOPLIST_FILE = llll/Info.plist;
				LD_RUNPATH_SEARCH_PATHS = "$(inherited) @executable_path/Frameworks";
				PRODUCT_BUNDLE_IDENTIFIER = www.yonyou.llll;
				PRODUCT_NAME = "$(TARGET_NAME)";
			};
			name = Release;
		};
/* End XCBuildConfiguration section */

/* Begin XCConfigurationList section */
		9049B6021DC44407004486F9 /* Build configuration list for PBXProject "llll" */ = {
			isa = XCConfigurationList;
			buildConfigurations = (
				9049B61C1DC44408004486F9 /* Debug */,
				9049B61D1DC44408004486F9 /* Release */,
			);
			defaultConfigurationIsVisible = 0;
			defaultConfigurationName = Release;
		};
		9049B61E1DC44408004486F9 /* Build configuration list for PBXNativeTarget "llll" */ = {
			isa = XCConfigurationList;
			buildConfigurations = (
				9049B61F1DC44408004486F9 /* Debug */,
				9049B6201DC44408004486F9 /* Release */,
			);
			defaultConfigurationIsVisible = 0;
		};
/* End XCConfigurationList section */
	};
	rootObject = 9049B5FF1DC44407004486F9 /* Project object */;
}
